
Microsoft Visual Studio Solution File, Format Version 12.00
# Visual Studio Version 17
VisualStudioVersion = 17.7.34003.232
MinimumVisualStudioVersion = 10.0.40219.1
Project("{FAE04EC0-301F-11D3-BF4B-00C04F79EFBC}") = "Actual Project for SAD", "Actual Project for SAD\Actual Project for SAD.csproj", "{5B7B2D5C-A422-4389-9E92-D427483E149F}"
EndProject
Global
	GlobalSection(SolutionConfigurationPlatforms) = preSolution
		Debug|Any CPU = Debug|Any CPU
		Release|Any CPU = Release|Any CPU
	EndGlobalSection
	GlobalSection(ProjectConfigurationPlatforms) = postSolution
		{5B7B2D5C-A422-4389-9E92-D427483E149F}.Debug|Any CPU.ActiveCfg = Debug|Any CPU
		{5B7B2D5C-A422-4389-9E92-D427483E149F}.Debug|Any CPU.Build.0 = Debug|Any CPU
		{5B7B2D5C-A422-4389-9E92-D427483E149F}.Release|Any CPU.ActiveCfg = Release|Any CPU
		{5B7B2D5C-A422-4389-9E92-D427483E149F}.Release|Any CPU.Build.0 = Release|Any CPU
	EndGlobalSection
	GlobalSection(SolutionProperties) = preSolution
		HideSolutionNode = FALSE
	EndGlobalSection
	GlobalSection(ExtensibilityGlobals) = postSolution
		SolutionGuid = {796DD5BD-F870-4A21-A7D7-C3B0385D75EA}
	EndGlobalSection
EndGlobal
